
Microsoft Visual Studio Solution File, Format Version 12.00
# Visual Studio 2013
VisualStudioVersion = 12.0.21005.1
MinimumVisualStudioVersion = 10.0.40219.1
Project("{FAE04EC0-301F-11D3-BF4B-00C04F79EFBC}") = "Tugas Praktikum 3 (genap) enkapsulasi", "Tugas Praktikum 3 (genap) enkapsulasi\Tugas Praktikum 3 (genap) enkapsulasi.csproj", "{D7F4F5C3-F3CF-4296-AE8F-61124FF7B129}"
EndProject
Global
	GlobalSection(SolutionConfigurationPlatforms) = preSolution
		Debug|Any CPU = Debug|Any CPU
		Release|Any CPU = Release|Any CPU
	EndGlobalSection
	GlobalSection(ProjectConfigurationPlatforms) = postSolution
		{D7F4F5C3-F3CF-4296-AE8F-61124FF7B129}.Debug|Any CPU.ActiveCfg = Debug|Any CPU
		{D7F4F5C3-F3CF-4296-AE8F-61124FF7B129}.Debug|Any CPU.Build.0 = Debug|Any CPU
		{D7F4F5C3-F3CF-4296-AE8F-61124FF7B129}.Release|Any CPU.ActiveCfg = Release|Any CPU
		{D7F4F5C3-F3CF-4296-AE8F-61124FF7B129}.Release|Any CPU.Build.0 = Release|Any CPU
	EndGlobalSection
	GlobalSection(SolutionProperties) = preSolution
		HideSolutionNode = FALSE
	EndGlobalSection
EndGlobal
